// !$*UTF8*$!
{
	archiveVersion = 1;
	classes = {
	};
	objectVersion = 50;
	objects = {

/* Begin PBXBuildFile section */
		81E2DE6221658D01003959B8 /* AppDelegate.swift in Sources */ = {isa = PBXBuildFile; fileRef = 81E2DE6121658D01003959B8 /* AppDelegate.swift */; };
		81E2DE6421658D01003959B8 /* ViewController.swift in Sources */ = {isa = PBXBuildFile; fileRef = 81E2DE6321658D01003959B8 /* ViewController.swift */; };
		81E2DE6721658D01003959B8 /* Main.storyboard in Resources */ = {isa = PBXBuildFile; fileRef = 81E2DE6521658D01003959B8 /* Main.storyboard */; };
		81E2DE6A21658D01003959B8 /* ZooMap.xcdatamodeld in Sources */ = {isa = PBXBuildFile; fileRef = 81E2DE6821658D01003959B8 /* ZooMap.xcdatamodeld */; };
		81E2DE6C21658D05003959B8 /* Assets.xcassets in Resources */ = {isa = PBXBuildFile; fileRef = 81E2DE6B21658D05003959B8 /* Assets.xcassets */; };
		81E2DE6F21658D05003959B8 /* LaunchScreen.storyboard in Resources */ = {isa = PBXBuildFile; fileRef = 81E2DE6D21658D05003959B8 /* LaunchScreen.storyboard */; };
/* End PBXBuildFile section */

/* Begin PBXFileReference section */
		81E2DE5E21658D01003959B8 /* ZooMap.app */ = {isa = PBXFileReference; explicitFileType = wrapper.application; includeInIndex = 0; path = ZooMap.app; sourceTree = BUILT_PRODUCTS_DIR; };
		81E2DE6121658D01003959B8 /* AppDelegate.swift */ = {isa = PBXFileReference; lastKnownFileType = sourcecode.swift; path = AppDelegate.swift; sourceTree = "<group>"; };
		81E2DE6321658D01003959B8 /* ViewController.swift */ = {isa = PBXFileReference; lastKnownFileType = sourcecode.swift; path = ViewController.swift; sourceTree = "<group>"; };
		81E2DE6621658D01003959B8 /* Base */ = {isa = PBXFileReference; lastKnownFileType = file.storyboard; name = Base; path = Base.lproj/Main.storyboard; sourceTree = "<group>"; };
		81E2DE6921658D01003959B8 /* ZooMap.xcdatamodel */ = {isa = PBXFileReference; lastKnownFileType = wrapper.xcdatamodel; path = ZooMap.xcdatamodel; sourceTree = "<group>"; };
		81E2DE6B21658D05003959B8 /* Assets.xcassets */ = {isa = PBXFileReference; lastKnownFileType = folder.assetcatalog; path = Assets.xcassets; sourceTree = "<group>"; };
		81E2DE6E21658D05003959B8 /* Base */ = {isa = PBXFileReference; lastKnownFileType = file.storyboard; name = Base; path = Base.lproj/LaunchScreen.storyboard; sourceTree = "<group>"; };
		81E2DE7021658D05003959B8 /* Info.plist */ = {isa = PBXFileReference; lastKnownFileType = text.plist.xml; path = Info.plist; sourceTree = "<group>"; };
/* End PBXFileReference section */

/* Begin PBXFrameworksBuildPhase section */
		81E2DE5B21658D01003959B8 /* Frameworks */ = {
			isa = PBXFrameworksBuildPhase;
			buildActionMask = 2147483647;
			files = (
			);
			runOnlyForDeploymentPostprocessing = 0;
		};
/* End PBXFrameworksBuildPhase section */

/* Begin PBXGroup section */
		81E2DE5521658D01003959B8 = {
			isa = PBXGroup;
			children = (
				81E2DE6021658D01003959B8 /* ZooMap */,
				81E2DE5F21658D01003959B8 /* Products */,
			);
			sourceTree = "<group>";
		};
		81E2DE5F21658D01003959B8 /* Products */ = {
			isa = PBXGroup;
			children = (
				81E2DE5E21658D01003959B8 /* ZooMap.app */,
			);
			name = Products;
			sourceTree = "<group>";
		};
		81E2DE6021658D01003959B8 /* ZooMap */ = {
			isa = PBXGroup;
			children = (
				81E2DE6121658D01003959B8 /* AppDelegate.swift */,
				81E2DE6321658D01003959B8 /* ViewController.swift */,
				81E2DE6521658D01003959B8 /* Main.storyboard */,
				81E2DE6B21658D05003959B8 /* Assets.xcassets */,
				81E2DE6D21658D05003959B8 /* LaunchScreen.storyboard */,
				81E2DE7021658D05003959B8 /* Info.plist */,
				81E2DE6821658D01003959B8 /* ZooMap.xcdatamodeld */,
			);
			path = ZooMap;
			sourceTree = "<group>";
		};
/* End PBXGroup section */

/* Begin PBXNativeTarget section */
		81E2DE5D21658D01003959B8 /* ZooMap */ = {
			isa = PBXNativeTarget;
			buildConfigurationList = 81E2DE7321658D05003959B8 /* Build configuration list for PBXNativeTarget "ZooMap" */;
			buildPhases = (
				81E2DE5A21658D01003959B8 /* Sources */,
				81E2DE5B21658D01003959B8 /* Frameworks */,
				81E2DE5C21658D01003959B8 /* Resources */,
			);
			buildRules = (
			);
			dependencies = (
			);
			name = ZooMap;
			productName = ZooMap;
			productReference = 81E2DE5E21658D01003959B8 /* ZooMap.app */;
			productType = "com.apple.product-type.application";
		};
/* End PBXNativeTarget section */

/* Begin PBXProject section */
		81E2DE5621658D01003959B8 /* Project object */ = {
			isa = PBXProject;
			attributes = {
				LastSwiftUpdateCheck = 0940;
				LastUpgradeCheck = 0940;
				ORGANIZATIONNAME = "Caroline Port";
				TargetAttributes = {
					81E2DE5D21658D01003959B8 = {
						CreatedOnToolsVersion = 9.4.1;
					};
				};
			};
			buildConfigurationList = 81E2DE5921658D01003959B8 /* Build configuration list for PBXProject "ZooMap" */;
			compatibilityVersion = "Xcode 9.3";
			developmentRegion = en;
			hasScannedForEncodings = 0;
			knownRegions = (
				en,
				Base,
			);
			mainGroup = 81E2DE5521658D01003959B8;
			productRefGroup = 81E2DE5F21658D01003959B8 /* Products */;
			projectDirPath = "";
			projectRoot = "";
			targets = (
				81E2DE5D21658D01003959B8 /* ZooMap */,
			);
		};
/* End PBXProject section */

/* Begin PBXResourcesBuildPhase section */
		81E2DE5C21658D01003959B8 /* Resources */ = {
			isa = PBXResourcesBuildPhase;
			buildActionMask = 2147483647;
			files = (
				81E2DE6F21658D05003959B8 /* LaunchScreen.storyboard in Resources */,
				81E2DE6C21658D05003959B8 /* Assets.xcassets in Resources */,
				81E2DE6721658D01003959B8 /* Main.storyboard in Resources */,
			);
			runOnlyForDeploymentPostprocessing = 0;
		};
/* End PBXResourcesBuildPhase section */

/* Begin PBXSourcesBuildPhase section */
		81E2DE5A21658D01003959B8 /* Sources */ = {
			isa = PBXSourcesBuildPhase;
			buildActionMask = 2147483647;
			files = (
				81E2DE6A21658D01003959B8 /* ZooMap.xcdatamodeld in Sources */,
				81E2DE6421658D01003959B8 /* ViewController.swift in Sources */,
				81E2DE6221658D01003959B8 /* AppDelegate.swift in Sources */,
			);
			runOnlyForDeploymentPostprocessing = 0;
		};
/* End PBXSourcesBuildPhase section */

/* Begin PBXVariantGroup section */
		81E2DE6521658D01003959B8 /* Main.storyboard */ = {
			isa = PBXVariantGroup;
			children = (
				81E2DE6621658D01003959B8 /* Base */,
			);
			name = Main.storyboard;
			sourceTree = "<group>";
		};
		81E2DE6D21658D05003959B8 /* LaunchScreen.storyboard */ = {
			isa = PBXVariantGroup;
			children = (
				81E2DE6E21658D05003959B8 /* Base */,
			);
			name = LaunchScreen.storyboard;
			sourceTree = "<group>";
		};
/* End PBXVariantGroup section */

/* Begin XCBuildConfiguration section */
		81E2DE7121658D05003959B8 /* Debug */ = {
			isa = XCBuildConfiguration;
			buildSettings = {
				ALWAYS_SEARCH_USER_PATHS = NO;
				CLANG_ANALYZER_NONNULL = YES;
				CLANG_ANALYZER_NUMBER_OBJECT_CONVERSION = YES_AGGRESSIVE;
				CLANG_CXX_LANGUAGE_STANDARD = "gnu++14";
				CLANG_CXX_LIBRARY = "libc++";
				CLANG_ENABLE_MODULES = YES;
				CLANG_ENABLE_OBJC_ARC = YES;
				CLANG_ENABLE_OBJC_WEAK = YES;
				CLANG_WARN_BLOCK_CAPTURE_AUTORELEASING = YES;
				CLANG_WARN_BOOL_CONVERSION = YES;
				CLANG_WARN_COMMA = YES;
				CLANG_WARN_CONSTANT_CONVERSION = YES;
				CLANG_WARN_DEPRECATED_OBJC_IMPLEMENTATIONS = YES;
				CLANG_WARN_DIRECT_OBJC_ISA_USAGE = YES_ERROR;
				CLANG_WARN_DOCUMENTATION_COMMENTS = YES;
				CLANG_WARN_EMPTY_BODY = YES;
				CLANG_WARN_ENUM_CONVERSION = YES;
				CLANG_WARN_INFINITE_RECURSION = YES;
				CLANG_WARN_INT_CONVERSION = YES;
				CLANG_WARN_NON_LITERAL_NULL_CONVERSION = YES;
				CLANG_WARN_OBJC_IMPLICIT_RETAIN_SELF = YES;
				CLANG_WARN_OBJC_LITERAL_CONVERSION = YES;
				CLANG_WARN_OBJC_ROOT_CLASS = YES_ERROR;
				CLANG_WARN_RANGE_LOOP_ANALYSIS = YES;
				CLANG_WARN_STRICT_PROTOTYPES = YES;
				CLANG_WARN_SUSPICIOUS_MOVE = YES;
				CLANG_WARN_UNGUARDED_AVAILABILITY = YES_AGGRESSIVE;
				CLANG_WARN_UNREACHABLE_CODE = YES;
				CLANG_WARN__DUPLICATE_METHOD_MATCH = YES;
				CODE_SIGN_IDENTITY = "iPhone Developer";
				COPY_PHASE_STRIP = NO;
				DEBUG_INFORMATION_FORMAT = dwarf;
				ENABLE_STRICT_OBJC_MSGSEND = YES;
				ENABLE_TESTABILITY = YES;
				GCC_C_LANGUAGE_STANDARD = gnu11;
				GCC_DYNAMIC_NO_PIC = NO;
				GCC_NO_COMMON_BLOCKS = YES;
				GCC_OPTIMIZATION_LEVEL = 0;
				GCC_PREPROCESSOR_DEFINITIONS = (
					"DEBUG=1",
					"$(inherited)",
				);
				GCC_WARN_64_TO_32_BIT_CONVERSION = YES;
				GCC_WARN_ABOUT_RETURN_TYPE = YES_ERROR;
				GCC_WARN_UNDECLARED_SELECTOR = YES;
				GCC_WARN_UNINITIALIZED_AUTOS = YES_AGGRESSIVE;
				GCC_WARN_UNUSED_FUNCTION = YES;
				GCC_WARN_UNUSED_VARIABLE = YES;
				IPHONEOS_DEPLOYMENT_TARGET = 11.4;
				MTL_ENABLE_DEBUG_INFO = YES;
				ONLY_ACTIVE_ARCH = YES;
				SDKROOT = iphoneos;
				SWIFT_ACTIVE_COMPILATION_CONDITIONS = DEBUG;
				SWIFT_OPTIMIZATION_LEVEL = "-Onone";
			};
			name = Debug;
		};
		81E2DE7221658D05003959B8 /* Release */ = {
			isa = XCBuildConfiguration;
			buildSettings = {
				ALWAYS_SEARCH_USER_PATHS = NO;
				CLANG_ANALYZER_NONNULL = YES;
				CLANG_ANALYZER_NUMBER_OBJECT_CONVERSION = YES_AGGRESSIVE;
				CLANG_CXX_LANGUAGE_STANDARD = "gnu++14";
				CLANG_CXX_LIBRARY = "libc++";
				CLANG_ENABLE_MODULES = YES;
				CLANG_ENABLE_OBJC_ARC = YES;
				CLANG_ENABLE_OBJC_WEAK = YES;
				CLANG_WARN_BLOCK_CAPTURE_AUTORELEASING = YES;
				CLANG_WARN_BOOL_CONVERSION = YES;
				CLANG_WARN_COMMA = YES;
				CLANG_WARN_CONSTANT_CONVERSION = YES;
				CLANG_WARN_DEPRECATED_OBJC_IMPLEMENTATIONS = YES;
				CLANG_WARN_DIRECT_OBJC_ISA_USAGE = YES_ERROR;
				CLANG_WARN_DOCUMENTATION_COMMENTS = YES;
				CLANG_WARN_EMPTY_BODY = YES;
				CLANG_WARN_ENUM_CONVERSION = YES;
				CLANG_WARN_INFINITE_RECURSION = YES;
				CLANG_WARN_INT_CONVERSION = YES;
				CLANG_WARN_NON_LITERAL_NULL_CONVERSION = YES;
				CLANG_WARN_OBJC_IMPLICIT_RETAIN_SELF = YES;
				CLANG_WARN_OBJC_LITERAL_CONVERSION = YES;
				CLANG_WARN_OBJC_ROOT_CLASS = YES_ERROR;
				CLANG_WARN_RANGE_LOOP_ANALYSIS = YES;
				CLANG_WARN_STRICT_PROTOTYPES = YES;
				CLANG_WARN_SUSPICIOUS_MOVE = YES;
				CLANG_WARN_UNGUARDED_AVAILABILITY = YES_AGGRESSIVE;
				CLANG_WARN_UNREACHABLE_CODE = YES;
				CLANG_WARN__DUPLICATE_METHOD_MATCH = YES;
				CODE_SIGN_IDENTITY = "iPhone Developer";
				COPY_PHASE_STRIP = NO;
				DEBUG_INFORMATION_FORMAT = "dwarf-with-dsym";
				ENABLE_NS_ASSERTIONS = NO;
				ENABLE_STRICT_OBJC_MSGSEND = YES;
				GCC_C_LANGUAGE_STANDARD = gnu11;
				GCC_NO_COMMON_BLOCKS = YES;
				GCC_WARN_64_TO_32_BIT_CONVERSION = YES;
				GCC_WARN_ABOUT_RETURN_TYPE = YES_ERROR;
				GCC_WARN_UNDECLARED_SELECTOR = YES;
				GCC_WARN_UNINITIALIZED_AUTOS = YES_AGGRESSIVE;
				GCC_WARN_UNUSED_FUNCTION = YES;
				GCC_WARN_UNUSED_VARIABLE = YES;
				IPHONEOS_DEPLOYMENT_TARGET = 11.4;
				MTL_ENABLE_DEBUG_INFO = NO;
				SDKROOT = iphoneos;
				SWIFT_COMPILATION_MODE = wholemodule;
				SWIFT_OPTIMIZATION_LEVEL = "-O";
				VALIDATE_PRODUCT = YES;
			};
			name = Release;
		};
		81E2DE7421658D05003959B8 /* Debug */ = {
			isa = XCBuildConfiguration;
			buildSettings = {
				ASSETCATALOG_COMPILER_APPICON_NAME = AppIcon;
				CODE_SIGN_STYLE = Automatic;
				DEVELOPMENT_TEAM = XGG7Z32Q4G;
				INFOPLIST_FILE = ZooMap/Info.plist;
				LD_RUNPATH_SEARCH_PATHS = (
					"$(inherited)",
					"@executable_path/Frameworks",
				);
				PRODUCT_BUNDLE_IDENTIFIER = com.caroline.ZooMap;
				PRODUCT_NAME = "$(TARGET_NAME)";
				SWIFT_VERSION = 4.0;
				TARGETED_DEVICE_FAMILY = "1,2";
			};
			name = Debug;
		};
		81E2DE7521658D05003959B8 /* Release */ = {
			isa = XCBuildConfiguration;
			buildSettings = {
				ASSETCATALOG_COMPILER_APPICON_NAME = AppIcon;
				CODE_SIGN_STYLE = Automatic;
				DEVELOPMENT_TEAM = XGG7Z32Q4G;
				INFOPLIST_FILE = ZooMap/Info.plist;
				LD_RUNPATH_SEARCH_PATHS = (
					"$(inherited)",
					"@executable_path/Frameworks",
				);
				PRODUCT_BUNDLE_IDENTIFIER = com.caroline.ZooMap;
				PRODUCT_NAME = "$(TARGET_NAME)";
				SWIFT_VERSION = 4.0;
				TARGETED_DEVICE_FAMILY = "1,2";
			};
			name = Release;
		};
/* End XCBuildConfiguration section */

/* Begin XCConfigurationList section */
		81E2DE5921658D01003959B8 /* Build configuration list for PBXProject "ZooMap" */ = {
			isa = XCConfigurationList;
			buildConfigurations = (
				81E2DE7121658D05003959B8 /* Debug */,
				81E2DE7221658D05003959B8 /* Release */,
			);
			defaultConfigurationIsVisible = 0;
			defaultConfigurationName = Release;
		};
		81E2DE7321658D05003959B8 /* Build configuration list for PBXNativeTarget "ZooMap" */ = {
			isa = XCConfigurationList;
			buildConfigurations = (
				81E2DE7421658D05003959B8 /* Debug */,
				81E2DE7521658D05003959B8 /* Release */,
			);
			defaultConfigurationIsVisible = 0;
			defaultConfigurationName = Release;
		};
/* End XCConfigurationList section */

/* Begin XCVersionGroup section */
		81E2DE6821658D01003959B8 /* ZooMap.xcdatamodeld */ = {
			isa = XCVersionGroup;
			children = (
				81E2DE6921658D01003959B8 /* ZooMap.xcdatamodel */,
			);
			currentVersion = 81E2DE6921658D01003959B8 /* ZooMap.xcdatamodel */;
			path = ZooMap.xcdatamodeld;
			sourceTree = "<group>";
			versionGroupType = wrapper.xcdatamodel;
		};
/* End XCVersionGroup section */
	};
	rootObject = 81E2DE5621658D01003959B8 /* Project object */;
}
